// !$*UTF8*$!
{
	archiveVersion = 1;
	classes = {
	};
	objectVersion = 50;
	objects = {

/* Begin PBXBuildFile section */
		841452D725A4654E00986359 /* ListHeaderView.swift in Sources */ = {isa = PBXBuildFile; fileRef = 841452D625A4654E00986359 /* ListHeaderView.swift */; };
		841452DA25A4884000986359 /* SelectedImageView.swift in Sources */ = {isa = PBXBuildFile; fileRef = 841452D925A4884000986359 /* SelectedImageView.swift */; };
		84D22D4C25A28A570029930D /* AppDelegate.swift in Sources */ = {isa = PBXBuildFile; fileRef = 84D22D4B25A28A570029930D /* AppDelegate.swift */; };
		84D22D4E25A28A570029930D /* SceneDelegate.swift in Sources */ = {isa = PBXBuildFile; fileRef = 84D22D4D25A28A570029930D /* SceneDelegate.swift */; };
		84D22D5025A28A570029930D /* ContentView.swift in Sources */ = {isa = PBXBuildFile; fileRef = 84D22D4F25A28A570029930D /* ContentView.swift */; };
		84D22D5225A28A5A0029930D /* Assets.xcassets in Resources */ = {isa = PBXBuildFile; fileRef = 84D22D5125A28A5A0029930D /* Assets.xcassets */; };
		84D22D5525A28A5A0029930D /* Preview Assets.xcassets in Resources */ = {isa = PBXBuildFile; fileRef = 84D22D5425A28A5A0029930D /* Preview Assets.xcassets */; };
		84D22D5825A28A5A0029930D /* LaunchScreen.storyboard in Resources */ = {isa = PBXBuildFile; fileRef = 84D22D5625A28A5A0029930D /* LaunchScreen.storyboard */; };
		84D22D7025A29C8F0029930D /* OrderListView.swift in Sources */ = {isa = PBXBuildFile; fileRef = 84D22D6F25A29C8F0029930D /* OrderListView.swift */; };
		84D22D7425A29D060029930D /* MenuListView.swift in Sources */ = {isa = PBXBuildFile; fileRef = 84D22D7325A29D060029930D /* MenuListView.swift */; };
		84D22D7825A29D960029930D /* ContentHeaderView.swift in Sources */ = {isa = PBXBuildFile; fileRef = 84D22D7725A29D960029930D /* ContentHeaderView.swift */; };
		84D22D7C25A2A13A0029930D /* MenuRowView.swift in Sources */ = {isa = PBXBuildFile; fileRef = 84D22D7B25A2A13A0029930D /* MenuRowView.swift */; };
		84D22D7F25A2A1810029930D /* RatingRowView.swift in Sources */ = {isa = PBXBuildFile; fileRef = 84D22D7E25A2A1810029930D /* RatingRowView.swift */; };
		84D22D8225A2A2190029930D /* OrderRowView.swift in Sources */ = {isa = PBXBuildFile; fileRef = 84D22D8125A2A2190029930D /* OrderRowView.swift */; };
		84D22D8525A2A3640029930D /* PageTitleView.swift in Sources */ = {isa = PBXBuildFile; fileRef = 84D22D8425A2A3640029930D /* PageTitleView.swift */; };
		84D22D8C25A2A70A0029930D /* OrderHistoryRowView.swift in Sources */ = {isa = PBXBuildFile; fileRef = 84D22D8B25A2A70A0029930D /* OrderHistoryRowView.swift */; };
		84E80F0E25A85D4600CC46D5 /* HistoryModel.swift in Sources */ = {isa = PBXBuildFile; fileRef = 84E80F0B25A85D4500CC46D5 /* HistoryModel.swift */; };
		84E80F0F25A85D4600CC46D5 /* OrderModel.swift in Sources */ = {isa = PBXBuildFile; fileRef = 84E80F0C25A85D4600CC46D5 /* OrderModel.swift */; };
		84E80F1025A85D4600CC46D5 /* MenuModel.swift in Sources */ = {isa = PBXBuildFile; fileRef = 84E80F0D25A85D4600CC46D5 /* MenuModel.swift */; };
		84E80F1325A8656D00CC46D5 /* MenuDetailView.swift in Sources */ = {isa = PBXBuildFile; fileRef = 84E80F1225A8656D00CC46D5 /* MenuDetailView.swift */; };
		84E80F1625A89DAF00CC46D5 /* HistoryDetailView.swift in Sources */ = {isa = PBXBuildFile; fileRef = 84E80F1525A89DAF00CC46D5 /* HistoryDetailView.swift */; };
		84E80F1925A89FC900CC46D5 /* HistoryListView.swift in Sources */ = {isa = PBXBuildFile; fileRef = 84E80F1825A89FC900CC46D5 /* HistoryListView.swift */; };
		84E80F1D25A8A14900CC46D5 /* OrderHistoryView.swift in Sources */ = {isa = PBXBuildFile; fileRef = 84E80F1C25A8A14900CC46D5 /* OrderHistoryView.swift */; };
		84E80F2025A9939500CC46D5 /* RootTabView.swift in Sources */ = {isa = PBXBuildFile; fileRef = 84E80F1F25A9939500CC46D5 /* RootTabView.swift */; };
		84E80F2325A9F74E00CC46D5 /* ConfirmView.swift in Sources */ = {isa = PBXBuildFile; fileRef = 84E80F2225A9F74E00CC46D5 /* ConfirmView.swift */; };
/* End PBXBuildFile section */

/* Begin PBXFileReference section */
		841452D625A4654E00986359 /* ListHeaderView.swift */ = {isa = PBXFileReference; lastKnownFileType = sourcecode.swift; path = ListHeaderView.swift; sourceTree = "<group>"; };
		841452D925A4884000986359 /* SelectedImageView.swift */ = {isa = PBXFileReference; lastKnownFileType = sourcecode.swift; path = SelectedImageView.swift; sourceTree = "<group>"; };
		84D22D4825A28A560029930D /* HuliPizza-SwiftUI.app */ = {isa = PBXFileReference; explicitFileType = wrapper.application; includeInIndex = 0; path = "HuliPizza-SwiftUI.app"; sourceTree = BUILT_PRODUCTS_DIR; };
		84D22D4B25A28A570029930D /* AppDelegate.swift */ = {isa = PBXFileReference; lastKnownFileType = sourcecode.swift; path = AppDelegate.swift; sourceTree = "<group>"; };
		84D22D4D25A28A570029930D /* SceneDelegate.swift */ = {isa = PBXFileReference; lastKnownFileType = sourcecode.swift; path = SceneDelegate.swift; sourceTree = "<group>"; };
		84D22D4F25A28A570029930D /* ContentView.swift */ = {isa = PBXFileReference; lastKnownFileType = sourcecode.swift; path = ContentView.swift; sourceTree = "<group>"; };
		84D22D5125A28A5A0029930D /* Assets.xcassets */ = {isa = PBXFileReference; lastKnownFileType = folder.assetcatalog; path = Assets.xcassets; sourceTree = "<group>"; };
		84D22D5425A28A5A0029930D /* Preview Assets.xcassets */ = {isa = PBXFileReference; lastKnownFileType = folder.assetcatalog; path = "Preview Assets.xcassets"; sourceTree = "<group>"; };
		84D22D5725A28A5A0029930D /* Base */ = {isa = PBXFileReference; lastKnownFileType = file.storyboard; name = Base; path = Base.lproj/LaunchScreen.storyboard; sourceTree = "<group>"; };
		84D22D5925A28A5A0029930D /* Info.plist */ = {isa = PBXFileReference; lastKnownFileType = text.plist.xml; path = Info.plist; sourceTree = "<group>"; };
		84D22D6F25A29C8F0029930D /* OrderListView.swift */ = {isa = PBXFileReference; lastKnownFileType = sourcecode.swift; path = OrderListView.swift; sourceTree = "<group>"; };
		84D22D7325A29D060029930D /* MenuListView.swift */ = {isa = PBXFileReference; lastKnownFileType = sourcecode.swift; path = MenuListView.swift; sourceTree = "<group>"; };
		84D22D7725A29D960029930D /* ContentHeaderView.swift */ = {isa = PBXFileReference; lastKnownFileType = sourcecode.swift; path = ContentHeaderView.swift; sourceTree = "<group>"; };
		84D22D7B25A2A13A0029930D /* MenuRowView.swift */ = {isa = PBXFileReference; lastKnownFileType = sourcecode.swift; path = MenuRowView.swift; sourceTree = "<group>"; };
		84D22D7E25A2A1810029930D /* RatingRowView.swift */ = {isa = PBXFileReference; lastKnownFileType = sourcecode.swift; path = RatingRowView.swift; sourceTree = "<group>"; };
		84D22D8125A2A2190029930D /* OrderRowView.swift */ = {isa = PBXFileReference; lastKnownFileType = sourcecode.swift; path = OrderRowView.swift; sourceTree = "<group>"; };
		84D22D8425A2A3640029930D /* PageTitleView.swift */ = {isa = PBXFileReference; lastKnownFileType = sourcecode.swift; path = PageTitleView.swift; sourceTree = "<group>"; };
		84D22D8B25A2A70A0029930D /* OrderHistoryRowView.swift */ = {isa = PBXFileReference; lastKnownFileType = sourcecode.swift; path = OrderHistoryRowView.swift; sourceTree = "<group>"; };
		84E80F0B25A85D4500CC46D5 /* HistoryModel.swift */ = {isa = PBXFileReference; fileEncoding = 4; lastKnownFileType = sourcecode.swift; path = HistoryModel.swift; sourceTree = "<group>"; };
		84E80F0C25A85D4600CC46D5 /* OrderModel.swift */ = {isa = PBXFileReference; fileEncoding = 4; lastKnownFileType = sourcecode.swift; path = OrderModel.swift; sourceTree = "<group>"; };
		84E80F0D25A85D4600CC46D5 /* MenuModel.swift */ = {isa = PBXFileReference; fileEncoding = 4; lastKnownFileType = sourcecode.swift; path = MenuModel.swift; sourceTree = "<group>"; };
		84E80F1225A8656D00CC46D5 /* MenuDetailView.swift */ = {isa = PBXFileReference; fileEncoding = 4; lastKnownFileType = sourcecode.swift; path = MenuDetailView.swift; sourceTree = "<group>"; };
		84E80F1525A89DAF00CC46D5 /* HistoryDetailView.swift */ = {isa = PBXFileReference; fileEncoding = 4; lastKnownFileType = sourcecode.swift; path = HistoryDetailView.swift; sourceTree = "<group>"; };
		84E80F1825A89FC900CC46D5 /* HistoryListView.swift */ = {isa = PBXFileReference; lastKnownFileType = sourcecode.swift; path = HistoryListView.swift; sourceTree = "<group>"; };
		84E80F1C25A8A14900CC46D5 /* OrderHistoryView.swift */ = {isa = PBXFileReference; fileEncoding = 4; lastKnownFileType = sourcecode.swift; path = OrderHistoryView.swift; sourceTree = "<group>"; };
		84E80F1F25A9939500CC46D5 /* RootTabView.swift */ = {isa = PBXFileReference; lastKnownFileType = sourcecode.swift; path = RootTabView.swift; sourceTree = "<group>"; };
		84E80F2225A9F74E00CC46D5 /* ConfirmView.swift */ = {isa = PBXFileReference; fileEncoding = 4; lastKnownFileType = sourcecode.swift; path = ConfirmView.swift; sourceTree = "<group>"; };
/* End PBXFileReference section */

/* Begin PBXFrameworksBuildPhase section */
		84D22D4525A28A560029930D /* Frameworks */ = {
			isa = PBXFrameworksBuildPhase;
			buildActionMask = 2147483647;
			files = (
			);
			runOnlyForDeploymentPostprocessing = 0;
		};
/* End PBXFrameworksBuildPhase section */

/* Begin PBXGroup section */
		84D22D3F25A28A560029930D = {
			isa = PBXGroup;
			children = (
				84D22D4A25A28A560029930D /* HuliPizza-SwiftUI */,
				84D22D4925A28A560029930D /* Products */,
			);
			sourceTree = "<group>";
		};
		84D22D4925A28A560029930D /* Products */ = {
			isa = PBXGroup;
			children = (
				84D22D4825A28A560029930D /* HuliPizza-SwiftUI.app */,
			);
			name = Products;
			sourceTree = "<group>";
		};
		84D22D4A25A28A560029930D /* HuliPizza-SwiftUI */ = {
			isa = PBXGroup;
			children = (
				84D22D4F25A28A570029930D /* ContentView.swift */,
				84D22D7625A29D840029930D /* Common */,
				84D22D6E25A29C6C0029930D /* Model */,
				84D22D6D25A29C610029930D /* HistoryView */,
				84D22D6C25A29C540029930D /* MenuView */,
				84D22D6B25A29C4D0029930D /* OrderView */,
				84D22D4B25A28A570029930D /* AppDelegate.swift */,
				84D22D4D25A28A570029930D /* SceneDelegate.swift */,
				84D22D5125A28A5A0029930D /* Assets.xcassets */,
				84D22D5625A28A5A0029930D /* LaunchScreen.storyboard */,
				84D22D5925A28A5A0029930D /* Info.plist */,
				84D22D5325A28A5A0029930D /* Preview Content */,
			);
			path = "HuliPizza-SwiftUI";
			sourceTree = "<group>";
		};
		84D22D5325A28A5A0029930D /* Preview Content */ = {
			isa = PBXGroup;
			children = (
				84D22D5425A28A5A0029930D /* Preview Assets.xcassets */,
			);
			path = "Preview Content";
			sourceTree = "<group>";
		};
		84D22D6B25A29C4D0029930D /* OrderView */ = {
			isa = PBXGroup;
			children = (
				84D22D6F25A29C8F0029930D /* OrderListView.swift */,
				84D22D8125A2A2190029930D /* OrderRowView.swift */,
			);
			path = OrderView;
			sourceTree = "<group>";
		};
		84D22D6C25A29C540029930D /* MenuView */ = {
			isa = PBXGroup;
			children = (
				84E80F1225A8656D00CC46D5 /* MenuDetailView.swift */,
				84D22D7325A29D060029930D /* MenuListView.swift */,
				84D22D7B25A2A13A0029930D /* MenuRowView.swift */,
				84D22D7E25A2A1810029930D /* RatingRowView.swift */,
			);
			path = MenuView;
			sourceTree = "<group>";
		};
		84D22D6D25A29C610029930D /* HistoryView */ = {
			isa = PBXGroup;
			children = (
				84E80F1525A89DAF00CC46D5 /* HistoryDetailView.swift */,
				84D22D8B25A2A70A0029930D /* OrderHistoryRowView.swift */,
				841452D925A4884000986359 /* SelectedImageView.swift */,
				84E80F1825A89FC900CC46D5 /* HistoryListView.swift */,
				84E80F1C25A8A14900CC46D5 /* OrderHistoryView.swift */,
			);
			path = HistoryView;
			sourceTree = "<group>";
		};
		84D22D6E25A29C6C0029930D /* Model */ = {
			isa = PBXGroup;
			children = (
				84E80F0B25A85D4500CC46D5 /* HistoryModel.swift */,
				84E80F0D25A85D4600CC46D5 /* MenuModel.swift */,
				84E80F0C25A85D4600CC46D5 /* OrderModel.swift */,
			);
			path = Model;
			sourceTree = "<group>";
		};
		84D22D7625A29D840029930D /* Common */ = {
			isa = PBXGroup;
			children = (
				84E80F2225A9F74E00CC46D5 /* ConfirmView.swift */,
				84D22D7725A29D960029930D /* ContentHeaderView.swift */,
				84D22D8425A2A3640029930D /* PageTitleView.swift */,
				841452D625A4654E00986359 /* ListHeaderView.swift */,
				84E80F1F25A9939500CC46D5 /* RootTabView.swift */,
			);
			path = Common;
			sourceTree = "<group>";
		};
/* End PBXGroup section */

/* Begin PBXNativeTarget section */
		84D22D4725A28A560029930D /* HuliPizza-SwiftUI */ = {
			isa = PBXNativeTarget;
			buildConfigurationList = 84D22D5C25A28A5A0029930D /* Build configuration list for PBXNativeTarget "HuliPizza-SwiftUI" */;
			buildPhases = (
				84D22D4425A28A560029930D /* Sources */,
				84D22D4525A28A560029930D /* Frameworks */,
				84D22D4625A28A560029930D /* Resources */,
			);
			buildRules = (
			);
			dependencies = (
			);
			name = "HuliPizza-SwiftUI";
			productName = "HuliPizza-SwiftUI";
			productReference = 84D22D4825A28A560029930D /* HuliPizza-SwiftUI.app */;
			productType = "com.apple.product-type.application";
		};
/* End PBXNativeTarget section */

/* Begin PBXProject section */
		84D22D4025A28A560029930D /* Project object */ = {
			isa = PBXProject;
			attributes = {
				LastSwiftUpdateCheck = 1200;
				LastUpgradeCheck = 1200;
				TargetAttributes = {
					84D22D4725A28A560029930D = {
						CreatedOnToolsVersion = 12.0.1;
					};
				};
			};
			buildConfigurationList = 84D22D4325A28A560029930D /* Build configuration list for PBXProject "HuliPizza-SwiftUI" */;
			compatibilityVersion = "Xcode 9.3";
			developmentRegion = en;
			hasScannedForEncodings = 0;
			knownRegions = (
				en,
				Base,
			);
			mainGroup = 84D22D3F25A28A560029930D;
			productRefGroup = 84D22D4925A28A560029930D /* Products */;
			projectDirPath = "";
			projectRoot = "";
			targets = (
				84D22D4725A28A560029930D /* HuliPizza-SwiftUI */,
			);
		};
/* End PBXProject section */

/* Begin PBXResourcesBuildPhase section */
		84D22D4625A28A560029930D /* Resources */ = {
			isa = PBXResourcesBuildPhase;
			buildActionMask = 2147483647;
			files = (
				84D22D5825A28A5A0029930D /* LaunchScreen.storyboard in Resources */,
				84D22D5525A28A5A0029930D /* Preview Assets.xcassets in Resources */,
				84D22D5225A28A5A0029930D /* Assets.xcassets in Resources */,
			);
			runOnlyForDeploymentPostprocessing = 0;
		};
/* End PBXResourcesBuildPhase section */

/* Begin PBXSourcesBuildPhase section */
		84D22D4425A28A560029930D /* Sources */ = {
			isa = PBXSourcesBuildPhase;
			buildActionMask = 2147483647;
			files = (
				84D22D8C25A2A70A0029930D /* OrderHistoryRowView.swift in Sources */,
				84D22D8225A2A2190029930D /* OrderRowView.swift in Sources */,
				84E80F1D25A8A14900CC46D5 /* OrderHistoryView.swift in Sources */,
				84D22D4C25A28A570029930D /* AppDelegate.swift in Sources */,
				84D22D8525A2A3640029930D /* PageTitleView.swift in Sources */,
				84E80F1925A89FC900CC46D5 /* HistoryListView.swift in Sources */,
				84E80F1025A85D4600CC46D5 /* MenuModel.swift in Sources */,
				84E80F2025A9939500CC46D5 /* RootTabView.swift in Sources */,
				84E80F1625A89DAF00CC46D5 /* HistoryDetailView.swift in Sources */,
				84D22D7425A29D060029930D /* MenuListView.swift in Sources */,
				84D22D7025A29C8F0029930D /* OrderListView.swift in Sources */,
				84D22D7825A29D960029930D /* ContentHeaderView.swift in Sources */,
				84E80F0F25A85D4600CC46D5 /* OrderModel.swift in Sources */,
				84D22D4E25A28A570029930D /* SceneDelegate.swift in Sources */,
				841452DA25A4884000986359 /* SelectedImageView.swift in Sources */,
				84E80F1325A8656D00CC46D5 /* MenuDetailView.swift in Sources */,
				84D22D7C25A2A13A0029930D /* MenuRowView.swift in Sources */,
				84E80F0E25A85D4600CC46D5 /* HistoryModel.swift in Sources */,
				841452D725A4654E00986359 /* ListHeaderView.swift in Sources */,
				84E80F2325A9F74E00CC46D5 /* ConfirmView.swift in Sources */,
				84D22D7F25A2A1810029930D /* RatingRowView.swift in Sources */,
				84D22D5025A28A570029930D /* ContentView.swift in Sources */,
			);
			runOnlyForDeploymentPostprocessing = 0;
		};
/* End PBXSourcesBuildPhase section */

/* Begin PBXVariantGroup section */
		84D22D5625A28A5A0029930D /* LaunchScreen.storyboard */ = {
			isa = PBXVariantGroup;
			children = (
				84D22D5725A28A5A0029930D /* Base */,
			);
			name = LaunchScreen.storyboard;
			sourceTree = "<group>";
		};
/* End PBXVariantGroup section */

/* Begin XCBuildConfiguration section */
		84D22D5A25A28A5A0029930D /* Debug */ = {
			isa = XCBuildConfiguration;
			buildSettings = {
				ALWAYS_SEARCH_USER_PATHS = NO;
				CLANG_ANALYZER_NONNULL = YES;
				CLANG_ANALYZER_NUMBER_OBJECT_CONVERSION = YES_AGGRESSIVE;
				CLANG_CXX_LANGUAGE_STANDARD = "gnu++14";
				CLANG_CXX_LIBRARY = "libc++";
				CLANG_ENABLE_MODULES = YES;
				CLANG_ENABLE_OBJC_ARC = YES;
				CLANG_ENABLE_OBJC_WEAK = YES;
				CLANG_WARN_BLOCK_CAPTURE_AUTORELEASING = YES;
				CLANG_WARN_BOOL_CONVERSION = YES;
				CLANG_WARN_COMMA = YES;
				CLANG_WARN_CONSTANT_CONVERSION = YES;
				CLANG_WARN_DEPRECATED_OBJC_IMPLEMENTATIONS = YES;
				CLANG_WARN_DIRECT_OBJC_ISA_USAGE = YES_ERROR;
				CLANG_WARN_DOCUMENTATION_COMMENTS = YES;
				CLANG_WARN_EMPTY_BODY = YES;
				CLANG_WARN_ENUM_CONVERSION = YES;
				CLANG_WARN_INFINITE_RECURSION = YES;
				CLANG_WARN_INT_CONVERSION = YES;
				CLANG_WARN_NON_LITERAL_NULL_CONVERSION = YES;
				CLANG_WARN_OBJC_IMPLICIT_RETAIN_SELF = YES;
				CLANG_WARN_OBJC_LITERAL_CONVERSION = YES;
				CLANG_WARN_OBJC_ROOT_CLASS = YES_ERROR;
				CLANG_WARN_QUOTED_INCLUDE_IN_FRAMEWORK_HEADER = YES;
				CLANG_WARN_RANGE_LOOP_ANALYSIS = YES;
				CLANG_WARN_STRICT_PROTOTYPES = YES;
				CLANG_WARN_SUSPICIOUS_MOVE = YES;
				CLANG_WARN_UNGUARDED_AVAILABILITY = YES_AGGRESSIVE;
				CLANG_WARN_UNREACHABLE_CODE = YES;
				CLANG_WARN__DUPLICATE_METHOD_MATCH = YES;
				COPY_PHASE_STRIP = NO;
				DEBUG_INFORMATION_FORMAT = dwarf;
				ENABLE_STRICT_OBJC_MSGSEND = YES;
				ENABLE_TESTABILITY = YES;
				GCC_C_LANGUAGE_STANDARD = gnu11;
				GCC_DYNAMIC_NO_PIC = NO;
				GCC_NO_COMMON_BLOCKS = YES;
				GCC_OPTIMIZATION_LEVEL = 0;
				GCC_PREPROCESSOR_DEFINITIONS = (
					"DEBUG=1",
					"$(inherited)",
				);
				GCC_WARN_64_TO_32_BIT_CONVERSION = YES;
				GCC_WARN_ABOUT_RETURN_TYPE = YES_ERROR;
				GCC_WARN_UNDECLARED_SELECTOR = YES;
				GCC_WARN_UNINITIALIZED_AUTOS = YES_AGGRESSIVE;
				GCC_WARN_UNUSED_FUNCTION = YES;
				GCC_WARN_UNUSED_VARIABLE = YES;
				IPHONEOS_DEPLOYMENT_TARGET = 14.0;
				MTL_ENABLE_DEBUG_INFO = INCLUDE_SOURCE;
				MTL_FAST_MATH = YES;
				ONLY_ACTIVE_ARCH = YES;
				SDKROOT = iphoneos;
				SWIFT_ACTIVE_COMPILATION_CONDITIONS = DEBUG;
				SWIFT_OPTIMIZATION_LEVEL = "-Onone";
			};
			name = Debug;
		};
		84D22D5B25A28A5A0029930D /* Release */ = {
			isa = XCBuildConfiguration;
			buildSettings = {
				ALWAYS_SEARCH_USER_PATHS = NO;
				CLANG_ANALYZER_NONNULL = YES;
				CLANG_ANALYZER_NUMBER_OBJECT_CONVERSION = YES_AGGRESSIVE;
				CLANG_CXX_LANGUAGE_STANDARD = "gnu++14";
				CLANG_CXX_LIBRARY = "libc++";
				CLANG_ENABLE_MODULES = YES;
				CLANG_ENABLE_OBJC_ARC = YES;
				CLANG_ENABLE_OBJC_WEAK = YES;
				CLANG_WARN_BLOCK_CAPTURE_AUTORELEASING = YES;
				CLANG_WARN_BOOL_CONVERSION = YES;
				CLANG_WARN_COMMA = YES;
				CLANG_WARN_CONSTANT_CONVERSION = YES;
				CLANG_WARN_DEPRECATED_OBJC_IMPLEMENTATIONS = YES;
				CLANG_WARN_DIRECT_OBJC_ISA_USAGE = YES_ERROR;
				CLANG_WARN_DOCUMENTATION_COMMENTS = YES;
				CLANG_WARN_EMPTY_BODY = YES;
				CLANG_WARN_ENUM_CONVERSION = YES;
				CLANG_WARN_INFINITE_RECURSION = YES;
				CLANG_WARN_INT_CONVERSION = YES;
				CLANG_WARN_NON_LITERAL_NULL_CONVERSION = YES;
				CLANG_WARN_OBJC_IMPLICIT_RETAIN_SELF = YES;
				CLANG_WARN_OBJC_LITERAL_CONVERSION = YES;
				CLANG_WARN_OBJC_ROOT_CLASS = YES_ERROR;
				CLANG_WARN_QUOTED_INCLUDE_IN_FRAMEWORK_HEADER = YES;
				CLANG_WARN_RANGE_LOOP_ANALYSIS = YES;
				CLANG_WARN_STRICT_PROTOTYPES = YES;
				CLANG_WARN_SUSPICIOUS_MOVE = YES;
				CLANG_WARN_UNGUARDED_AVAILABILITY = YES_AGGRESSIVE;
				CLANG_WARN_UNREACHABLE_CODE = YES;
				CLANG_WARN__DUPLICATE_METHOD_MATCH = YES;
				COPY_PHASE_STRIP = NO;
				DEBUG_INFORMATION_FORMAT = "dwarf-with-dsym";
				ENABLE_NS_ASSERTIONS = NO;
				ENABLE_STRICT_OBJC_MSGSEND = YES;
				GCC_C_LANGUAGE_STANDARD = gnu11;
				GCC_NO_COMMON_BLOCKS = YES;
				GCC_WARN_64_TO_32_BIT_CONVERSION = YES;
				GCC_WARN_ABOUT_RETURN_TYPE = YES_ERROR;
				GCC_WARN_UNDECLARED_SELECTOR = YES;
				GCC_WARN_UNINITIALIZED_AUTOS = YES_AGGRESSIVE;
				GCC_WARN_UNUSED_FUNCTION = YES;
				GCC_WARN_UNUSED_VARIABLE = YES;
				IPHONEOS_DEPLOYMENT_TARGET = 14.0;
				MTL_ENABLE_DEBUG_INFO = NO;
				MTL_FAST_MATH = YES;
				SDKROOT = iphoneos;
				SWIFT_COMPILATION_MODE = wholemodule;
				SWIFT_OPTIMIZATION_LEVEL = "-O";
				VALIDATE_PRODUCT = YES;
			};
			name = Release;
		};
		84D22D5D25A28A5A0029930D /* Debug */ = {
			isa = XCBuildConfiguration;
			buildSettings = {
				ASSETCATALOG_COMPILER_APPICON_NAME = AppIcon;
				ASSETCATALOG_COMPILER_GLOBAL_ACCENT_COLOR_NAME = AccentColor;
				CODE_SIGN_STYLE = Automatic;
				DEVELOPMENT_ASSET_PATHS = "\"HuliPizza-SwiftUI/Preview Content\"";
				ENABLE_PREVIEWS = YES;
				INFOPLIST_FILE = "HuliPizza-SwiftUI/Info.plist";
				LD_RUNPATH_SEARCH_PATHS = (
					"$(inherited)",
					"@executable_path/Frameworks",
				);
				PRODUCT_BUNDLE_IDENTIFIER = "com.ahmad.HuliPizza-SwiftUI";
				PRODUCT_NAME = "$(TARGET_NAME)";
				SWIFT_VERSION = 5.0;
				TARGETED_DEVICE_FAMILY = "1,2";
			};
			name = Debug;
		};
		84D22D5E25A28A5A0029930D /* Release */ = {
			isa = XCBuildConfiguration;
			buildSettings = {
				ASSETCATALOG_COMPILER_APPICON_NAME = AppIcon;
				ASSETCATALOG_COMPILER_GLOBAL_ACCENT_COLOR_NAME = AccentColor;
				CODE_SIGN_STYLE = Automatic;
				DEVELOPMENT_ASSET_PATHS = "\"HuliPizza-SwiftUI/Preview Content\"";
				ENABLE_PREVIEWS = YES;
				INFOPLIST_FILE = "HuliPizza-SwiftUI/Info.plist";
				LD_RUNPATH_SEARCH_PATHS = (
					"$(inherited)",
					"@executable_path/Frameworks",
				);
				PRODUCT_BUNDLE_IDENTIFIER = "com.ahmad.HuliPizza-SwiftUI";
				PRODUCT_NAME = "$(TARGET_NAME)";
				SWIFT_VERSION = 5.0;
				TARGETED_DEVICE_FAMILY = "1,2";
			};
			name = Release;
		};
/* End XCBuildConfiguration section */

/* Begin XCConfigurationList section */
		84D22D4325A28A560029930D /* Build configuration list for PBXProject "HuliPizza-SwiftUI" */ = {
			isa = XCConfigurationList;
			buildConfigurations = (
				84D22D5A25A28A5A0029930D /* Debug */,
				84D22D5B25A28A5A0029930D /* Release */,
			);
			defaultConfigurationIsVisible = 0;
			defaultConfigurationName = Release;
		};
		84D22D5C25A28A5A0029930D /* Build configuration list for PBXNativeTarget "HuliPizza-SwiftUI" */ = {
			isa = XCConfigurationList;
			buildConfigurations = (
				84D22D5D25A28A5A0029930D /* Debug */,
				84D22D5E25A28A5A0029930D /* Release */,
			);
			defaultConfigurationIsVisible = 0;
			defaultConfigurationName = Release;
		};
/* End XCConfigurationList section */
	};
	rootObject = 84D22D4025A28A560029930D /* Project object */;
}
